
Microsoft Visual Studio Solution File, Format Version 12.00
# Visual Studio Version 16
VisualStudioVersion = 16.0.29306.81
MinimumVisualStudioVersion = 10.0.40219.1
Project("{9A19103F-16F7-4668-BE54-9A1E7A4F7556}") = "APIBlog", "APIBlog.csproj", "{58830EB4-218E-4BB8-85F0-487AD28D112E}"
EndProject
Global
	GlobalSection(SolutionConfigurationPlatforms) = preSolution
		Debug|Any CPU = Debug|Any CPU
		Release|Any CPU = Release|Any CPU
	EndGlobalSection
	GlobalSection(ProjectConfigurationPlatforms) = postSolution
		{58830EB4-218E-4BB8-85F0-487AD28D112E}.Debug|Any CPU.ActiveCfg = Debug|Any CPU
		{58830EB4-218E-4BB8-85F0-487AD28D112E}.Debug|Any CPU.Build.0 = Debug|Any CPU
		{58830EB4-218E-4BB8-85F0-487AD28D112E}.Release|Any CPU.ActiveCfg = Release|Any CPU
		{58830EB4-218E-4BB8-85F0-487AD28D112E}.Release|Any CPU.Build.0 = Release|Any CPU
	EndGlobalSection
	GlobalSection(SolutionProperties) = preSolution
		HideSolutionNode = FALSE
	EndGlobalSection
	GlobalSection(ExtensibilityGlobals) = postSolution
		SolutionGuid = {A3AA00AA-E892-449D-99D6-75E777C6F7F5}
	EndGlobalSection
EndGlobal
